
Microsoft Visual Studio Solution File, Format Version 12.00
# Visual Studio Version 17
VisualStudioVersion = 17.0.32014.148
MinimumVisualStudioVersion = 10.0.40219.1
Project("{FAE04EC0-301F-11D3-BF4B-00C04F79EFBC}") = "Victor", "Victor\Victor.csproj", "{ED4F0FFC-B454-4EF4-92C4-C164E902EC74}"
EndProject
Global
	GlobalSection(SolutionConfigurationPlatforms) = preSolution
		Debug|Any CPU = Debug|Any CPU
		Release|Any CPU = Release|Any CPU
	EndGlobalSection
	GlobalSection(ProjectConfigurationPlatforms) = postSolution
		{ED4F0FFC-B454-4EF4-92C4-C164E902EC74}.Debug|Any CPU.ActiveCfg = Debug|Any CPU
		{ED4F0FFC-B454-4EF4-92C4-C164E902EC74}.Debug|Any CPU.Build.0 = Debug|Any CPU
		{ED4F0FFC-B454-4EF4-92C4-C164E902EC74}.Release|Any CPU.ActiveCfg = Release|Any CPU
		{ED4F0FFC-B454-4EF4-92C4-C164E902EC74}.Release|Any CPU.Build.0 = Release|Any CPU
	EndGlobalSection
	GlobalSection(SolutionProperties) = preSolution
		HideSolutionNode = FALSE
	EndGlobalSection
	GlobalSection(ExtensibilityGlobals) = postSolution
		SolutionGuid = {32A4D00C-95F5-4369-B6F0-8F72C59599ED}
	EndGlobalSection
EndGlobal
